
Microsoft Visual Studio Solution File, Format Version 12.00
# Visual Studio Version 16
VisualStudioVersion = 16.0.30804.86
MinimumVisualStudioVersion = 10.0.40219.1
Project("{8BC9CEB8-8B4A-11D0-8D11-00A0C91BC942}") = "ch04", "ch04\ch04.vcxproj", "{4CDE3859-A647-4A09-BAF2-9FEF69106A2E}"
EndProject
Project("{8BC9CEB8-8B4A-11D0-8D11-00A0C91BC942}") = "ch03", "ch03\ch03.vcxproj", "{64F38071-2801-43AB-8AE8-56E15ED4B51B}"
EndProject
Global
	GlobalSection(SolutionConfigurationPlatforms) = preSolution
		Debug|x64 = Debug|x64
		Debug|x86 = Debug|x86
		Release|x64 = Release|x64
		Release|x86 = Release|x86
	EndGlobalSection
	GlobalSection(ProjectConfigurationPlatforms) = postSolution
		{4CDE3859-A647-4A09-BAF2-9FEF69106A2E}.Debug|x64.ActiveCfg = Debug|x64
		{4CDE3859-A647-4A09-BAF2-9FEF69106A2E}.Debug|x64.Build.0 = Debug|x64
		{4CDE3859-A647-4A09-BAF2-9FEF69106A2E}.Debug|x86.ActiveCfg = Debug|Win32
		{4CDE3859-A647-4A09-BAF2-9FEF69106A2E}.Debug|x86.Build.0 = Debug|Win32
		{4CDE3859-A647-4A09-BAF2-9FEF69106A2E}.Release|x64.ActiveCfg = Release|x64
		{4CDE3859-A647-4A09-BAF2-9FEF69106A2E}.Release|x64.Build.0 = Release|x64
		{4CDE3859-A647-4A09-BAF2-9FEF69106A2E}.Release|x86.ActiveCfg = Release|Win32
		{4CDE3859-A647-4A09-BAF2-9FEF69106A2E}.Release|x86.Build.0 = Release|Win32
		{64F38071-2801-43AB-8AE8-56E15ED4B51B}.Debug|x64.ActiveCfg = Debug|x64
		{64F38071-2801-43AB-8AE8-56E15ED4B51B}.Debug|x64.Build.0 = Debug|x64
		{64F38071-2801-43AB-8AE8-56E15ED4B51B}.Debug|x86.ActiveCfg = Debug|Win32
		{64F38071-2801-43AB-8AE8-56E15ED4B51B}.Debug|x86.Build.0 = Debug|Win32
		{64F38071-2801-43AB-8AE8-56E15ED4B51B}.Release|x64.ActiveCfg = Release|x64
		{64F38071-2801-43AB-8AE8-56E15ED4B51B}.Release|x64.Build.0 = Release|x64
		{64F38071-2801-43AB-8AE8-56E15ED4B51B}.Release|x86.ActiveCfg = Release|Win32
		{64F38071-2801-43AB-8AE8-56E15ED4B51B}.Release|x86.Build.0 = Release|Win32
	EndGlobalSection
	GlobalSection(SolutionProperties) = preSolution
		HideSolutionNode = FALSE
	EndGlobalSection
	GlobalSection(ExtensibilityGlobals) = postSolution
		SolutionGuid = {756800AB-F3A5-4833-9936-6D885ED7A778}
	EndGlobalSection
EndGlobal
