
Microsoft Visual Studio Solution File, Format Version 12.00
# Visual Studio Version 16
VisualStudioVersion = 16.0.30804.86
MinimumVisualStudioVersion = 10.0.40219.1
Project("{8BC9CEB8-8B4A-11D0-8D11-00A0C91BC942}") = "ch04", "ch04\ch04.vcxproj", "{4CDE3859-A647-4A09-BAF2-9FEF69106A2E}"
EndProject
Project("{8BC9CEB8-8B4A-11D0-8D11-00A0C91BC942}") = "ch02", "ch02\ch02.vcxproj", "{ACEBA7F6-C5FA-4A99-8D58-8717D78C3EE8}"
EndProject
Project("{8BC9CEB8-8B4A-11D0-8D11-00A0C91BC942}") = "ch03", "ch03\ch03.vcxproj", "{B603AED8-8CFF-42DC-88A6-BC91D185E469}"
EndProject
Project("{8BC9CEB8-8B4A-11D0-8D11-00A0C91BC942}") = "ch05", "ch05\ch05.vcxproj", "{6D273033-5E0A-42DB-A1CB-59B3BA53713E}"
EndProject
Global
	GlobalSection(SolutionConfigurationPlatforms) = preSolution
		Debug|x64 = Debug|x64
		Debug|x86 = Debug|x86
		Release|x64 = Release|x64
		Release|x86 = Release|x86
	EndGlobalSection
	GlobalSection(ProjectConfigurationPlatforms) = postSolution
		{4CDE3859-A647-4A09-BAF2-9FEF69106A2E}.Debug|x64.ActiveCfg = Debug|x64
		{4CDE3859-A647-4A09-BAF2-9FEF69106A2E}.Debug|x64.Build.0 = Debug|x64
		{4CDE3859-A647-4A09-BAF2-9FEF69106A2E}.Debug|x86.ActiveCfg = Debug|Win32
		{4CDE3859-A647-4A09-BAF2-9FEF69106A2E}.Debug|x86.Build.0 = Debug|Win32
		{4CDE3859-A647-4A09-BAF2-9FEF69106A2E}.Release|x64.ActiveCfg = Release|x64
		{4CDE3859-A647-4A09-BAF2-9FEF69106A2E}.Release|x64.Build.0 = Release|x64
		{4CDE3859-A647-4A09-BAF2-9FEF69106A2E}.Release|x86.ActiveCfg = Release|Win32
		{4CDE3859-A647-4A09-BAF2-9FEF69106A2E}.Release|x86.Build.0 = Release|Win32
		{ACEBA7F6-C5FA-4A99-8D58-8717D78C3EE8}.Debug|x64.ActiveCfg = Debug|x64
		{ACEBA7F6-C5FA-4A99-8D58-8717D78C3EE8}.Debug|x64.Build.0 = Debug|x64
		{ACEBA7F6-C5FA-4A99-8D58-8717D78C3EE8}.Debug|x86.ActiveCfg = Debug|Win32
		{ACEBA7F6-C5FA-4A99-8D58-8717D78C3EE8}.Debug|x86.Build.0 = Debug|Win32
		{ACEBA7F6-C5FA-4A99-8D58-8717D78C3EE8}.Release|x64.ActiveCfg = Release|x64
		{ACEBA7F6-C5FA-4A99-8D58-8717D78C3EE8}.Release|x64.Build.0 = Release|x64
		{ACEBA7F6-C5FA-4A99-8D58-8717D78C3EE8}.Release|x86.ActiveCfg = Release|Win32
		{ACEBA7F6-C5FA-4A99-8D58-8717D78C3EE8}.Release|x86.Build.0 = Release|Win32
		{B603AED8-8CFF-42DC-88A6-BC91D185E469}.Debug|x64.ActiveCfg = Debug|x64
		{B603AED8-8CFF-42DC-88A6-BC91D185E469}.Debug|x64.Build.0 = Debug|x64
		{B603AED8-8CFF-42DC-88A6-BC91D185E469}.Debug|x86.ActiveCfg = Debug|Win32
		{B603AED8-8CFF-42DC-88A6-BC91D185E469}.Debug|x86.Build.0 = Debug|Win32
		{B603AED8-8CFF-42DC-88A6-BC91D185E469}.Release|x64.ActiveCfg = Release|x64
		{B603AED8-8CFF-42DC-88A6-BC91D185E469}.Release|x64.Build.0 = Release|x64
		{B603AED8-8CFF-42DC-88A6-BC91D185E469}.Release|x86.ActiveCfg = Release|Win32
		{B603AED8-8CFF-42DC-88A6-BC91D185E469}.Release|x86.Build.0 = Release|Win32
		{6D273033-5E0A-42DB-A1CB-59B3BA53713E}.Debug|x64.ActiveCfg = Debug|x64
		{6D273033-5E0A-42DB-A1CB-59B3BA53713E}.Debug|x64.Build.0 = Debug|x64
		{6D273033-5E0A-42DB-A1CB-59B3BA53713E}.Debug|x86.ActiveCfg = Debug|Win32
		{6D273033-5E0A-42DB-A1CB-59B3BA53713E}.Debug|x86.Build.0 = Debug|Win32
		{6D273033-5E0A-42DB-A1CB-59B3BA53713E}.Release|x64.ActiveCfg = Release|x64
		{6D273033-5E0A-42DB-A1CB-59B3BA53713E}.Release|x64.Build.0 = Release|x64
		{6D273033-5E0A-42DB-A1CB-59B3BA53713E}.Release|x86.ActiveCfg = Release|Win32
		{6D273033-5E0A-42DB-A1CB-59B3BA53713E}.Release|x86.Build.0 = Release|Win32
	EndGlobalSection
	GlobalSection(SolutionProperties) = preSolution
		HideSolutionNode = FALSE
	EndGlobalSection
	GlobalSection(ExtensibilityGlobals) = postSolution
		SolutionGuid = {756800AB-F3A5-4833-9936-6D885ED7A778}
	EndGlobalSection
EndGlobal
